
Microsoft Visual Studio Solution File, Format Version 12.00
# Visual Studio Version 17
VisualStudioVersion = 17.6.33801.468
MinimumVisualStudioVersion = 10.0.40219.1
Project("{FAE04EC0-301F-11D3-BF4B-00C04F79EFBC}") = "Vivero", "Vivero\Vivero.csproj", "{826ECFB0-5A36-4E11-8385-DC7E64756495}"
EndProject
Global
	GlobalSection(SolutionConfigurationPlatforms) = preSolution
		Debug|Any CPU = Debug|Any CPU
		Release|Any CPU = Release|Any CPU
	EndGlobalSection
	GlobalSection(ProjectConfigurationPlatforms) = postSolution
		{826ECFB0-5A36-4E11-8385-DC7E64756495}.Debug|Any CPU.ActiveCfg = Debug|Any CPU
		{826ECFB0-5A36-4E11-8385-DC7E64756495}.Debug|Any CPU.Build.0 = Debug|Any CPU
		{826ECFB0-5A36-4E11-8385-DC7E64756495}.Release|Any CPU.ActiveCfg = Release|Any CPU
		{826ECFB0-5A36-4E11-8385-DC7E64756495}.Release|Any CPU.Build.0 = Release|Any CPU
	EndGlobalSection
	GlobalSection(SolutionProperties) = preSolution
		HideSolutionNode = FALSE
	EndGlobalSection
	GlobalSection(ExtensibilityGlobals) = postSolution
		SolutionGuid = {D1F5E3B0-9000-45B7-B187-88FC7ED3F559}
	EndGlobalSection
EndGlobal
